[ "calliope": {:git, "git://github.com/nurugger07/calliope.git", "c02e1e9ee13ef64be126a4e284ab77e47becce5f", []},
  "cowboy": {:git, "git://github.com/extend/cowboy.git", "05024529679d1d0203b8dcd6e2932cc2a526d370", []},
  "cowlib": {:git, "git://github.com/extend/cowlib.git", "f58340a0044856bb508df03cfe94cf79308380a2", [ref: "0.6.1"]},
  "decimal": {:git, "git://github.com/ericmj/decimal.git", "ab1b6637aac1eabce5dc5a57290b5366878c2e84", []},
  "ecto": {:git, "git://github.com/elixir-lang/ecto.git", "4e52242cddfcfe4c44399d554d20ac2221edc02b", []},
  "erlydtl": {:git, "git://github.com/erlydtl/erlydtl.git", "25d632f37a7d9f6c6cf59d80009bf6cd919a473c", []},
  "exlager": {:git, "git://github.com/khia/exlager.git", "2a4b002dfe34abf1b03c9d26a3ebe2e101437f51", []},
  "goldrush": {:git, "git://github.com/DeadZen/goldrush.git", "71e63212f12c25827e0c1b4198d37d5d018a7fec", [tag: "0.1.6"]},
  "jsex": {:git, "git://github.com/talentdeficit/jsex.git", "65aa6ae7c1543a0c4e83032c04626af7be7a7f3e", []},
  "jsx": {:git, "git://github.com/talentdeficit/jsx.git", "e50af6e109cb03bd26acf715cbc77de746507d1d", [tag: "v1.4.3"]},
  "lager": {:git, "https://github.com/basho/lager.git", "63c2ad6ba351e18d9f59f8f10cbcf7de128be95b", []},
  "merl": {:git, "git://github.com/erlydtl/merl.git", "28e5b3829168199e8475fa91b997e0c03b90d280", [branch: "erlydtl"]},
  "mime": {:git, "git://github.com/dynamo/mime.git", "db84370c53a67a7e58a4d0cfb026f4edc64a9367", []},
  "plug": {:git, "git://github.com/elixir-lang/plug.git", "bae29104d1ace04707c4006467ac571f6ec46a34", []},
  "plugs": {:git, "git://github.com/sugar-framework/plugs.git", "9159823000f5a908ee692356e0b1e1ad463e5e7f", []},
  "poolboy": {:git, "git://github.com/devinus/poolboy.git", "64e1eaef0b1e88849c7e7ba9ff75f8cd4dba2a3b", []},
  "postgrex": {:git, "git://github.com/ericmj/postgrex.git", "720b45b5613ef364bca3f5228e285489bb9f01d4", []},
  "ranch": {:git, "git://github.com/extend/ranch.git", "5df1f222f94e08abdcab7084f5e13027143cc222", [ref: "0.9.0"]},
  "sugar": {:git, "git://github.com/sugar-framework/sugar.git", "f0f1d36a47bb7f79c2029eed02482763be61bf8d", []},
  "templates": {:git, "git://github.com/sugar-framework/templates.git", "4f4740371f9f735be095134f2be34f20ba5f5910", []} ]
